
Microsoft Visual Studio Solution File, Format Version 12.00
# Visual Studio Version 17
VisualStudioVersion = 17.13.35825.156 d17.13
MinimumVisualStudioVersion = 10.0.40219.1
Project("{8BC9CEB8-8B4A-11D0-8D11-00A0C91BC942}") = "SOFT20091coursework", "SOFT20091coursework.vcxproj", "{25612A41-3FC0-4643-9C2A-668BAC7FC076}"
EndProject
Global
	GlobalSection(SolutionConfigurationPlatforms) = preSolution
		Debug|x64 = Debug|x64
		Debug|x86 = Debug|x86
		Release|x64 = Release|x64
		Release|x86 = Release|x86
	EndGlobalSection
	GlobalSection(ProjectConfigurationPlatforms) = postSolution
		{25612A41-3FC0-4643-9C2A-668BAC7FC076}.Debug|x64.ActiveCfg = Debug|x64
		{25612A41-3FC0-4643-9C2A-668BAC7FC076}.Debug|x64.Build.0 = Debug|x64
		{25612A41-3FC0-4643-9C2A-668BAC7FC076}.Debug|x86.ActiveCfg = Debug|Win32
		{25612A41-3FC0-4643-9C2A-668BAC7FC076}.Debug|x86.Build.0 = Debug|Win32
		{25612A41-3FC0-4643-9C2A-668BAC7FC076}.Release|x64.ActiveCfg = Release|x64
		{25612A41-3FC0-4643-9C2A-668BAC7FC076}.Release|x64.Build.0 = Release|x64
		{25612A41-3FC0-4643-9C2A-668BAC7FC076}.Release|x86.ActiveCfg = Release|Win32
		{25612A41-3FC0-4643-9C2A-668BAC7FC076}.Release|x86.Build.0 = Release|Win32
	EndGlobalSection
	GlobalSection(SolutionProperties) = preSolution
		HideSolutionNode = FALSE
	EndGlobalSection
	GlobalSection(ExtensibilityGlobals) = postSolution
		SolutionGuid = {5C5D5244-D2CF-462F-89D0-9FAC460A7C4D}
	EndGlobalSection
EndGlobal
